
Microsoft Visual Studio Solution File, Format Version 12.00
# Visual Studio Version 17
VisualStudioVersion = 17.7.34018.315
MinimumVisualStudioVersion = 10.0.40219.1
Project("{FAE04EC0-301F-11D3-BF4B-00C04F79EFBC}") = "Supply Raid Editor", "Supply Raid Editor.csproj", "{30C64EF5-3EBC-4F07-9932-2A88DC42B3BF}"
EndProject
Global
	GlobalSection(SolutionConfigurationPlatforms) = preSolution
		Debug|Any CPU = Debug|Any CPU
		Release|Any CPU = Release|Any CPU
	EndGlobalSection
	GlobalSection(ProjectConfigurationPlatforms) = postSolution
		{30C64EF5-3EBC-4F07-9932-2A88DC42B3BF}.Debug|Any CPU.ActiveCfg = Debug|Any CPU
		{30C64EF5-3EBC-4F07-9932-2A88DC42B3BF}.Debug|Any CPU.Build.0 = Debug|Any CPU
		{30C64EF5-3EBC-4F07-9932-2A88DC42B3BF}.Release|Any CPU.ActiveCfg = Release|Any CPU
		{30C64EF5-3EBC-4F07-9932-2A88DC42B3BF}.Release|Any CPU.Build.0 = Release|Any CPU
	EndGlobalSection
	GlobalSection(SolutionProperties) = preSolution
		HideSolutionNode = FALSE
	EndGlobalSection
	GlobalSection(ExtensibilityGlobals) = postSolution
		SolutionGuid = {8A12CF51-1F25-42BC-8FDC-26E144B6F266}
	EndGlobalSection
EndGlobal
